<?xml version="1.0" encoding="utf-8"?>
<Project ToolsVersion="4.0" xmlns="http://schemas.microsoft.com/developer/msbuild/2003">
  <ItemGroup>
    <Filter Include="imgui">
      <UniqueIdentifier>{0098A80F-6CAC-D0C0-352E-7420A101CDF1}</UniqueIdentifier>
    </Filter>
  </ItemGroup>
  <ItemGroup>
    <ClInclude Include="src\app\Dice.h" />
    <ClInclude Include="src\app\KitsuneAbsorption.h" />
    <ClInclude Include="src\app\imgui\imgui_impl_glfw.h">
      <Filter>imgui</Filter>
    </ClInclude>
    <ClInclude Include="src\app\imgui\imgui_impl_opengl3.h">
      <Filter>imgui</Filter>
    </ClInclude>
    <ClInclude Include="src\app\imgui\imgui_impl_opengl3_loader.h">
      <Filter>imgui</Filter>
    </ClInclude>
    <ClInclude Include="src\app\Window.h" />
    <ClInclude Include="src\app\Renderer\Shaders.h" />
    <ClInclude Include="src\app\Log.h" />
    <ClInclude Include="src\app\Render\Texture.h" />
  </ItemGroup>
  <ItemGroup>
    <ClCompile Include="src\app\Dice.cpp" />
    <ClCompile Include="src\app\KitsuneAbsorption.cpp" />
    <ClCompile Include="src\app\imgui\imgui_impl_glfw.cpp">
      <Filter>imgui</Filter>
    </ClCompile>
    <ClCompile Include="src\app\imgui\imgui_impl_opengl3.cpp">
      <Filter>imgui</Filter>
    </ClCompile>
    <ClCompile Include="src\app\main.cpp" />
    <ClCompile Include="src\app\Window.cpp" />
    <ClCompile Include="src\app\Log.cpp" />
    <ClCompile Include="src\app\Render\Animation.h" />
    <ClCompile Include="src\app\Render\Texture.cpp" />
    <ClCompile Include="src\app\Render\Animation.cpp" />
  </ItemGroup>
</Project>